
Microsoft Visual Studio Solution File, Format Version 12.00
# Visual Studio Version 18
VisualStudioVersion = 18.0.11222.15
MinimumVisualStudioVersion = 10.0.40219.1
Project("{FAE04EC0-301F-11D3-BF4B-00C04F79EFBC}") = "Knutr.Abstractions", "src\Knutr.Abstractions\Knutr.Abstractions.csproj", "{9A42E8FA-E9C7-E863-44E7-BDA92933CDEB}"
EndProject
Project("{FAE04EC0-301F-11D3-BF4B-00C04F79EFBC}") = "Knutr.Adapters.Slack", "src\Knutr.Adapters.Slack\Knutr.Adapters.Slack.csproj", "{5D756F41-E47F-B22D-7746-044C40B0B395}"
EndProject
Project("{FAE04EC0-301F-11D3-BF4B-00C04F79EFBC}") = "Knutr.Core", "src\Knutr.Core\Knutr.Core.csproj", "{B2256736-A6F2-E617-4DE4-92BD444FB7B0}"
EndProject
Project("{FAE04EC0-301F-11D3-BF4B-00C04F79EFBC}") = "Hosting", "src\Knutr.Hosting\Hosting.csproj", "{D95ECCDA-6A37-618B-0759-DE561A71B7D0}"
EndProject
Project("{FAE04EC0-301F-11D3-BF4B-00C04F79EFBC}") = "Knutr.Infrastructure", "src\Knutr.Infrastructure\Knutr.Infrastructure.csproj", "{26223AEA-50BB-D143-4652-EEB1694DB231}"
EndProject
Project("{FAE04EC0-301F-11D3-BF4B-00C04F79EFBC}") = "Knutr.Plugins.PingPong", "plugins\pingpong\Knutr.Plugins.PingPong.csproj", "{CAB6D755-D16C-5C64-D009-EBE039CC9820}"
EndProject
Project("{FAE04EC0-301F-11D3-BF4B-00C04F79EFBC}") = "Knutr.Tests", "tests\Knutr.Tests\Knutr.Tests.csproj", "{C3D4E5F6-A7B8-9012-CDEF-123456789012}"
EndProject
Project("{FAE04EC0-301F-11D3-BF4B-00C04F79EFBC}") = "Knutr.Sdk", "sdk\Knutr.Sdk\Knutr.Sdk.csproj", "{D4E5F6A7-B890-1234-CDEF-234567890123}"
EndProject
Project("{FAE04EC0-301F-11D3-BF4B-00C04F79EFBC}") = "Knutr.Sdk.Hosting", "sdk\Knutr.Sdk.Hosting\Knutr.Sdk.Hosting.csproj", "{E5F6A7B8-9012-3456-DEFA-345678901234}"
EndProject
Project("{FAE04EC0-301F-11D3-BF4B-00C04F79EFBC}") = "Knutr.Plugins.Joke", "plugins\joke\Knutr.Plugins.Joke.csproj", "{F1A2B3C4-D5E6-7890-ABCD-111222333444}"
EndProject
Project("{FAE04EC0-301F-11D3-BF4B-00C04F79EFBC}") = "Knutr.Plugins.JargonBuster", "plugins\jargonbuster\Knutr.Plugins.JargonBuster.csproj", "{A1B2C3D4-E5F6-7890-ABCD-0A9B0C0D0E0F}"
EndProject
Project("{2150E333-8FDC-42A3-9474-1A3956D46DE8}") = "deploy", "deploy", "{F6A7B890-1234-5678-EFAB-456789012345}"
EndProject
Project("{FAE04EC0-301F-11D3-BF4B-00C04F79EFBC}") = "Knutr.Testbed", "tools\Knutr.Testbed\Knutr.Testbed.csproj", "{A7B89012-3456-DEFA-4567-890123456789}"
EndProject
Project("{2150E333-8FDC-42A3-9474-1A3956D46DE8}") = "dev", "dev", "{55EA05E1-0C6F-48D6-90A7-597A444C18C6}"
	ProjectSection(SolutionItems) = preProject
		dev\.env = dev\.env
		dev\.env.example = dev\.env.example
		dev\docker-compose.yml = dev\docker-compose.yml
		dev\loki.yml = dev\loki.yml
		dev\prometheus.yml = dev\prometheus.yml
		dev\setup.ps1 = dev\setup.ps1
		dev\setup.sh = dev\setup.sh
		dev\tempo.yml = dev\tempo.yml
	EndProjectSection
EndProject
Project("{2150E333-8FDC-42A3-9474-1A3956D46DE8}") = "grafana", "grafana", "{A7078D64-C849-480E-ADE5-25BFE2F2BB52}"
EndProject
Project("{2150E333-8FDC-42A3-9474-1A3956D46DE8}") = "dashboards", "dashboards", "{9701A89E-0B80-43D6-8327-066C9914A32E}"
EndProject
Project("{2150E333-8FDC-42A3-9474-1A3956D46DE8}") = "traefik", "traefik", "{58229CBD-2075-49F8-A867-CB771B52DD93}"
EndProject
Project("{2150E333-8FDC-42A3-9474-1A3956D46DE8}") = "certs", "certs", "{95BF8EEE-660A-4867-AE39-E4A4979708F4}"
EndProject
Project("{2150E333-8FDC-42A3-9474-1A3956D46DE8}") = "dynamic", "dynamic", "{3C915F41-28B5-4932-910A-014B18FD5334}"
EndProject
Project("{2150E333-8FDC-42A3-9474-1A3956D46DE8}") = "gitlab-runner", "gitlab-runner", "{B6F17691-4D1E-4872-9C95-902E2F94D8D0}"
EndProject
Project("{2150E333-8FDC-42A3-9474-1A3956D46DE8}") = "src", "src", "{827E0CD3-B72D-47B6-A68D-7590B98EB39B}"
EndProject
Project("{2150E333-8FDC-42A3-9474-1A3956D46DE8}") = "sdk", "sdk", "{11111111-1111-1111-1111-111111111111}"
EndProject
Project("{2150E333-8FDC-42A3-9474-1A3956D46DE8}") = "plugins", "plugins", "{22222222-2222-2222-2222-222222222222}"
EndProject
Project("{FAE04EC0-301F-11D3-BF4B-00C04F79EFBC}") = "Knutr.Plugins.Sentinel", "plugins\sentinel\Knutr.Plugins.Sentinel.csproj", "{9AEEFAB5-16A2-41C5-9500-7D03A56F995A}"
EndProject
Project("{FAE04EC0-301F-11D3-BF4B-00C04F79EFBC}") = "Knutr.Plugins.Exporter", "plugins\exporter\Knutr.Plugins.Exporter.csproj", "{84C2B865-A5A2-46DF-9C24-EEF5CDA11E94}"
EndProject
Project("{FAE04EC0-301F-11D3-BF4B-00C04F79EFBC}") = "Knutr.Plugins.Summariser", "plugins\summariser\Knutr.Plugins.Summariser.csproj", "{BAD72DF2-CB31-48BC-BCFA-FE776B188A49}"
EndProject
Global
	GlobalSection(SolutionConfigurationPlatforms) = preSolution
		Debug|Any CPU = Debug|Any CPU
		Debug|x64 = Debug|x64
		Debug|x86 = Debug|x86
		Release|Any CPU = Release|Any CPU
		Release|x64 = Release|x64
		Release|x86 = Release|x86
	EndGlobalSection
	GlobalSection(ProjectConfigurationPlatforms) = postSolution
		{9A42E8FA-E9C7-E863-44E7-BDA92933CDEB}.Debug|Any CPU.ActiveCfg = Debug|Any CPU
		{9A42E8FA-E9C7-E863-44E7-BDA92933CDEB}.Debug|Any CPU.Build.0 = Debug|Any CPU
		{9A42E8FA-E9C7-E863-44E7-BDA92933CDEB}.Debug|x64.ActiveCfg = Debug|Any CPU
		{9A42E8FA-E9C7-E863-44E7-BDA92933CDEB}.Debug|x64.Build.0 = Debug|Any CPU
		{9A42E8FA-E9C7-E863-44E7-BDA92933CDEB}.Debug|x86.ActiveCfg = Debug|Any CPU
		{9A42E8FA-E9C7-E863-44E7-BDA92933CDEB}.Debug|x86.Build.0 = Debug|Any CPU
		{9A42E8FA-E9C7-E863-44E7-BDA92933CDEB}.Release|Any CPU.ActiveCfg = Release|Any CPU
		{9A42E8FA-E9C7-E863-44E7-BDA92933CDEB}.Release|Any CPU.Build.0 = Release|Any CPU
		{9A42E8FA-E9C7-E863-44E7-BDA92933CDEB}.Release|x64.ActiveCfg = Release|Any CPU
		{9A42E8FA-E9C7-E863-44E7-BDA92933CDEB}.Release|x64.Build.0 = Release|Any CPU
		{9A42E8FA-E9C7-E863-44E7-BDA92933CDEB}.Release|x86.ActiveCfg = Release|Any CPU
		{9A42E8FA-E9C7-E863-44E7-BDA92933CDEB}.Release|x86.Build.0 = Release|Any CPU
		{5D756F41-E47F-B22D-7746-044C40B0B395}.Debug|Any CPU.ActiveCfg = Debug|Any CPU
		{5D756F41-E47F-B22D-7746-044C40B0B395}.Debug|Any CPU.Build.0 = Debug|Any CPU
		{5D756F41-E47F-B22D-7746-044C40B0B395}.Debug|x64.ActiveCfg = Debug|Any CPU
		{5D756F41-E47F-B22D-7746-044C40B0B395}.Debug|x64.Build.0 = Debug|Any CPU
		{5D756F41-E47F-B22D-7746-044C40B0B395}.Debug|x86.ActiveCfg = Debug|Any CPU
		{5D756F41-E47F-B22D-7746-044C40B0B395}.Debug|x86.Build.0 = Debug|Any CPU
		{5D756F41-E47F-B22D-7746-044C40B0B395}.Release|Any CPU.ActiveCfg = Release|Any CPU
		{5D756F41-E47F-B22D-7746-044C40B0B395}.Release|Any CPU.Build.0 = Release|Any CPU
		{5D756F41-E47F-B22D-7746-044C40B0B395}.Release|x64.ActiveCfg = Release|Any CPU
		{5D756F41-E47F-B22D-7746-044C40B0B395}.Release|x64.Build.0 = Release|Any CPU
		{5D756F41-E47F-B22D-7746-044C40B0B395}.Release|x86.ActiveCfg = Release|Any CPU
		{5D756F41-E47F-B22D-7746-044C40B0B395}.Release|x86.Build.0 = Release|Any CPU
		{B2256736-A6F2-E617-4DE4-92BD444FB7B0}.Debug|Any CPU.ActiveCfg = Debug|Any CPU
		{B2256736-A6F2-E617-4DE4-92BD444FB7B0}.Debug|Any CPU.Build.0 = Debug|Any CPU
		{B2256736-A6F2-E617-4DE4-92BD444FB7B0}.Debug|x64.ActiveCfg = Debug|Any CPU
		{B2256736-A6F2-E617-4DE4-92BD444FB7B0}.Debug|x64.Build.0 = Debug|Any CPU
		{B2256736-A6F2-E617-4DE4-92BD444FB7B0}.Debug|x86.ActiveCfg = Debug|Any CPU
		{B2256736-A6F2-E617-4DE4-92BD444FB7B0}.Debug|x86.Build.0 = Debug|Any CPU
		{B2256736-A6F2-E617-4DE4-92BD444FB7B0}.Release|Any CPU.ActiveCfg = Release|Any CPU
		{B2256736-A6F2-E617-4DE4-92BD444FB7B0}.Release|Any CPU.Build.0 = Release|Any CPU
		{B2256736-A6F2-E617-4DE4-92BD444FB7B0}.Release|x64.ActiveCfg = Release|Any CPU
		{B2256736-A6F2-E617-4DE4-92BD444FB7B0}.Release|x64.Build.0 = Release|Any CPU
		{B2256736-A6F2-E617-4DE4-92BD444FB7B0}.Release|x86.ActiveCfg = Release|Any CPU
		{B2256736-A6F2-E617-4DE4-92BD444FB7B0}.Release|x86.Build.0 = Release|Any CPU
		{D95ECCDA-6A37-618B-0759-DE561A71B7D0}.Debug|Any CPU.ActiveCfg = Debug|Any CPU
		{D95ECCDA-6A37-618B-0759-DE561A71B7D0}.Debug|Any CPU.Build.0 = Debug|Any CPU
		{D95ECCDA-6A37-618B-0759-DE561A71B7D0}.Debug|x64.ActiveCfg = Debug|Any CPU
		{D95ECCDA-6A37-618B-0759-DE561A71B7D0}.Debug|x64.Build.0 = Debug|Any CPU
		{D95ECCDA-6A37-618B-0759-DE561A71B7D0}.Debug|x86.ActiveCfg = Debug|Any CPU
		{D95ECCDA-6A37-618B-0759-DE561A71B7D0}.Debug|x86.Build.0 = Debug|Any CPU
		{D95ECCDA-6A37-618B-0759-DE561A71B7D0}.Release|Any CPU.ActiveCfg = Release|Any CPU
		{D95ECCDA-6A37-618B-0759-DE561A71B7D0}.Release|Any CPU.Build.0 = Release|Any CPU
		{D95ECCDA-6A37-618B-0759-DE561A71B7D0}.Release|x64.ActiveCfg = Release|Any CPU
		{D95ECCDA-6A37-618B-0759-DE561A71B7D0}.Release|x64.Build.0 = Release|Any CPU
		{D95ECCDA-6A37-618B-0759-DE561A71B7D0}.Release|x86.ActiveCfg = Release|Any CPU
		{D95ECCDA-6A37-618B-0759-DE561A71B7D0}.Release|x86.Build.0 = Release|Any CPU
		{26223AEA-50BB-D143-4652-EEB1694DB231}.Debug|Any CPU.ActiveCfg = Debug|Any CPU
		{26223AEA-50BB-D143-4652-EEB1694DB231}.Debug|Any CPU.Build.0 = Debug|Any CPU
		{26223AEA-50BB-D143-4652-EEB1694DB231}.Debug|x64.ActiveCfg = Debug|Any CPU
		{26223AEA-50BB-D143-4652-EEB1694DB231}.Debug|x64.Build.0 = Debug|Any CPU
		{26223AEA-50BB-D143-4652-EEB1694DB231}.Debug|x86.ActiveCfg = Debug|Any CPU
		{26223AEA-50BB-D143-4652-EEB1694DB231}.Debug|x86.Build.0 = Debug|Any CPU
		{26223AEA-50BB-D143-4652-EEB1694DB231}.Release|Any CPU.ActiveCfg = Release|Any CPU
		{26223AEA-50BB-D143-4652-EEB1694DB231}.Release|Any CPU.Build.0 = Release|Any CPU
		{26223AEA-50BB-D143-4652-EEB1694DB231}.Release|x64.ActiveCfg = Release|Any CPU
		{26223AEA-50BB-D143-4652-EEB1694DB231}.Release|x64.Build.0 = Release|Any CPU
		{26223AEA-50BB-D143-4652-EEB1694DB231}.Release|x86.ActiveCfg = Release|Any CPU
		{26223AEA-50BB-D143-4652-EEB1694DB231}.Release|x86.Build.0 = Release|Any CPU
		{CAB6D755-D16C-5C64-D009-EBE039CC9820}.Debug|Any CPU.ActiveCfg = Debug|Any CPU
		{CAB6D755-D16C-5C64-D009-EBE039CC9820}.Debug|Any CPU.Build.0 = Debug|Any CPU
		{CAB6D755-D16C-5C64-D009-EBE039CC9820}.Debug|x64.ActiveCfg = Debug|Any CPU
		{CAB6D755-D16C-5C64-D009-EBE039CC9820}.Debug|x64.Build.0 = Debug|Any CPU
		{CAB6D755-D16C-5C64-D009-EBE039CC9820}.Debug|x86.ActiveCfg = Debug|Any CPU
		{CAB6D755-D16C-5C64-D009-EBE039CC9820}.Debug|x86.Build.0 = Debug|Any CPU
		{CAB6D755-D16C-5C64-D009-EBE039CC9820}.Release|Any CPU.ActiveCfg = Release|Any CPU
		{CAB6D755-D16C-5C64-D009-EBE039CC9820}.Release|Any CPU.Build.0 = Release|Any CPU
		{CAB6D755-D16C-5C64-D009-EBE039CC9820}.Release|x64.ActiveCfg = Release|Any CPU
		{CAB6D755-D16C-5C64-D009-EBE039CC9820}.Release|x64.Build.0 = Release|Any CPU
		{CAB6D755-D16C-5C64-D009-EBE039CC9820}.Release|x86.ActiveCfg = Release|Any CPU
		{CAB6D755-D16C-5C64-D009-EBE039CC9820}.Release|x86.Build.0 = Release|Any CPU
		{C3D4E5F6-A7B8-9012-CDEF-123456789012}.Debug|Any CPU.ActiveCfg = Debug|Any CPU
		{C3D4E5F6-A7B8-9012-CDEF-123456789012}.Debug|Any CPU.Build.0 = Debug|Any CPU
		{C3D4E5F6-A7B8-9012-CDEF-123456789012}.Debug|x64.ActiveCfg = Debug|Any CPU
		{C3D4E5F6-A7B8-9012-CDEF-123456789012}.Debug|x64.Build.0 = Debug|Any CPU
		{C3D4E5F6-A7B8-9012-CDEF-123456789012}.Debug|x86.ActiveCfg = Debug|Any CPU
		{C3D4E5F6-A7B8-9012-CDEF-123456789012}.Debug|x86.Build.0 = Debug|Any CPU
		{C3D4E5F6-A7B8-9012-CDEF-123456789012}.Release|Any CPU.ActiveCfg = Release|Any CPU
		{C3D4E5F6-A7B8-9012-CDEF-123456789012}.Release|Any CPU.Build.0 = Release|Any CPU
		{C3D4E5F6-A7B8-9012-CDEF-123456789012}.Release|x64.ActiveCfg = Release|Any CPU
		{C3D4E5F6-A7B8-9012-CDEF-123456789012}.Release|x64.Build.0 = Release|Any CPU
		{C3D4E5F6-A7B8-9012-CDEF-123456789012}.Release|x86.ActiveCfg = Release|Any CPU
		{C3D4E5F6-A7B8-9012-CDEF-123456789012}.Release|x86.Build.0 = Release|Any CPU
		{D4E5F6A7-B890-1234-CDEF-234567890123}.Debug|Any CPU.ActiveCfg = Debug|Any CPU
		{D4E5F6A7-B890-1234-CDEF-234567890123}.Debug|Any CPU.Build.0 = Debug|Any CPU
		{D4E5F6A7-B890-1234-CDEF-234567890123}.Debug|x64.ActiveCfg = Debug|Any CPU
		{D4E5F6A7-B890-1234-CDEF-234567890123}.Debug|x64.Build.0 = Debug|Any CPU
		{D4E5F6A7-B890-1234-CDEF-234567890123}.Debug|x86.ActiveCfg = Debug|Any CPU
		{D4E5F6A7-B890-1234-CDEF-234567890123}.Debug|x86.Build.0 = Debug|Any CPU
		{D4E5F6A7-B890-1234-CDEF-234567890123}.Release|Any CPU.ActiveCfg = Release|Any CPU
		{D4E5F6A7-B890-1234-CDEF-234567890123}.Release|Any CPU.Build.0 = Release|Any CPU
		{D4E5F6A7-B890-1234-CDEF-234567890123}.Release|x64.ActiveCfg = Release|Any CPU
		{D4E5F6A7-B890-1234-CDEF-234567890123}.Release|x64.Build.0 = Release|Any CPU
		{D4E5F6A7-B890-1234-CDEF-234567890123}.Release|x86.ActiveCfg = Release|Any CPU
		{D4E5F6A7-B890-1234-CDEF-234567890123}.Release|x86.Build.0 = Release|Any CPU
		{E5F6A7B8-9012-3456-DEFA-345678901234}.Debug|Any CPU.ActiveCfg = Debug|Any CPU
		{E5F6A7B8-9012-3456-DEFA-345678901234}.Debug|Any CPU.Build.0 = Debug|Any CPU
		{E5F6A7B8-9012-3456-DEFA-345678901234}.Debug|x64.ActiveCfg = Debug|Any CPU
		{E5F6A7B8-9012-3456-DEFA-345678901234}.Debug|x64.Build.0 = Debug|Any CPU
		{E5F6A7B8-9012-3456-DEFA-345678901234}.Debug|x86.ActiveCfg = Debug|Any CPU
		{E5F6A7B8-9012-3456-DEFA-345678901234}.Debug|x86.Build.0 = Debug|Any CPU
		{E5F6A7B8-9012-3456-DEFA-345678901234}.Release|Any CPU.ActiveCfg = Release|Any CPU
		{E5F6A7B8-9012-3456-DEFA-345678901234}.Release|Any CPU.Build.0 = Release|Any CPU
		{E5F6A7B8-9012-3456-DEFA-345678901234}.Release|x64.ActiveCfg = Release|Any CPU
		{E5F6A7B8-9012-3456-DEFA-345678901234}.Release|x64.Build.0 = Release|Any CPU
		{E5F6A7B8-9012-3456-DEFA-345678901234}.Release|x86.ActiveCfg = Release|Any CPU
		{E5F6A7B8-9012-3456-DEFA-345678901234}.Release|x86.Build.0 = Release|Any CPU
		{F1A2B3C4-D5E6-7890-ABCD-111222333444}.Debug|Any CPU.ActiveCfg = Debug|Any CPU
		{F1A2B3C4-D5E6-7890-ABCD-111222333444}.Debug|Any CPU.Build.0 = Debug|Any CPU
		{F1A2B3C4-D5E6-7890-ABCD-111222333444}.Debug|x64.ActiveCfg = Debug|Any CPU
		{F1A2B3C4-D5E6-7890-ABCD-111222333444}.Debug|x64.Build.0 = Debug|Any CPU
		{F1A2B3C4-D5E6-7890-ABCD-111222333444}.Debug|x86.ActiveCfg = Debug|Any CPU
		{F1A2B3C4-D5E6-7890-ABCD-111222333444}.Debug|x86.Build.0 = Debug|Any CPU
		{F1A2B3C4-D5E6-7890-ABCD-111222333444}.Release|Any CPU.ActiveCfg = Release|Any CPU
		{F1A2B3C4-D5E6-7890-ABCD-111222333444}.Release|Any CPU.Build.0 = Release|Any CPU
		{F1A2B3C4-D5E6-7890-ABCD-111222333444}.Release|x64.ActiveCfg = Release|Any CPU
		{F1A2B3C4-D5E6-7890-ABCD-111222333444}.Release|x64.Build.0 = Release|Any CPU
		{F1A2B3C4-D5E6-7890-ABCD-111222333444}.Release|x86.ActiveCfg = Release|Any CPU
		{F1A2B3C4-D5E6-7890-ABCD-111222333444}.Release|x86.Build.0 = Release|Any CPU
		{A1B2C3D4-E5F6-7890-ABCD-0A9B0C0D0E0F}.Debug|Any CPU.ActiveCfg = Debug|Any CPU
		{A1B2C3D4-E5F6-7890-ABCD-0A9B0C0D0E0F}.Debug|Any CPU.Build.0 = Debug|Any CPU
		{A1B2C3D4-E5F6-7890-ABCD-0A9B0C0D0E0F}.Debug|x64.ActiveCfg = Debug|Any CPU
		{A1B2C3D4-E5F6-7890-ABCD-0A9B0C0D0E0F}.Debug|x64.Build.0 = Debug|Any CPU
		{A1B2C3D4-E5F6-7890-ABCD-0A9B0C0D0E0F}.Debug|x86.ActiveCfg = Debug|Any CPU
		{A1B2C3D4-E5F6-7890-ABCD-0A9B0C0D0E0F}.Debug|x86.Build.0 = Debug|Any CPU
		{A1B2C3D4-E5F6-7890-ABCD-0A9B0C0D0E0F}.Release|Any CPU.ActiveCfg = Release|Any CPU
		{A1B2C3D4-E5F6-7890-ABCD-0A9B0C0D0E0F}.Release|Any CPU.Build.0 = Release|Any CPU
		{A1B2C3D4-E5F6-7890-ABCD-0A9B0C0D0E0F}.Release|x64.ActiveCfg = Release|Any CPU
		{A1B2C3D4-E5F6-7890-ABCD-0A9B0C0D0E0F}.Release|x64.Build.0 = Release|Any CPU
		{A1B2C3D4-E5F6-7890-ABCD-0A9B0C0D0E0F}.Release|x86.ActiveCfg = Release|Any CPU
		{A1B2C3D4-E5F6-7890-ABCD-0A9B0C0D0E0F}.Release|x86.Build.0 = Release|Any CPU
		{A7B89012-3456-DEFA-4567-890123456789}.Debug|Any CPU.ActiveCfg = Debug|Any CPU
		{A7B89012-3456-DEFA-4567-890123456789}.Debug|Any CPU.Build.0 = Debug|Any CPU
		{A7B89012-3456-DEFA-4567-890123456789}.Debug|x64.ActiveCfg = Debug|Any CPU
		{A7B89012-3456-DEFA-4567-890123456789}.Debug|x64.Build.0 = Debug|Any CPU
		{A7B89012-3456-DEFA-4567-890123456789}.Debug|x86.ActiveCfg = Debug|Any CPU
		{A7B89012-3456-DEFA-4567-890123456789}.Debug|x86.Build.0 = Debug|Any CPU
		{A7B89012-3456-DEFA-4567-890123456789}.Release|Any CPU.ActiveCfg = Release|Any CPU
		{A7B89012-3456-DEFA-4567-890123456789}.Release|Any CPU.Build.0 = Release|Any CPU
		{A7B89012-3456-DEFA-4567-890123456789}.Release|x64.ActiveCfg = Release|Any CPU
		{A7B89012-3456-DEFA-4567-890123456789}.Release|x64.Build.0 = Release|Any CPU
		{A7B89012-3456-DEFA-4567-890123456789}.Release|x86.ActiveCfg = Release|Any CPU
		{A7B89012-3456-DEFA-4567-890123456789}.Release|x86.Build.0 = Release|Any CPU
		{9AEEFAB5-16A2-41C5-9500-7D03A56F995A}.Debug|Any CPU.ActiveCfg = Debug|Any CPU
		{9AEEFAB5-16A2-41C5-9500-7D03A56F995A}.Debug|Any CPU.Build.0 = Debug|Any CPU
		{9AEEFAB5-16A2-41C5-9500-7D03A56F995A}.Debug|x64.ActiveCfg = Debug|Any CPU
		{9AEEFAB5-16A2-41C5-9500-7D03A56F995A}.Debug|x64.Build.0 = Debug|Any CPU
		{9AEEFAB5-16A2-41C5-9500-7D03A56F995A}.Debug|x86.ActiveCfg = Debug|Any CPU
		{9AEEFAB5-16A2-41C5-9500-7D03A56F995A}.Debug|x86.Build.0 = Debug|Any CPU
		{9AEEFAB5-16A2-41C5-9500-7D03A56F995A}.Release|Any CPU.ActiveCfg = Release|Any CPU
		{9AEEFAB5-16A2-41C5-9500-7D03A56F995A}.Release|Any CPU.Build.0 = Release|Any CPU
		{9AEEFAB5-16A2-41C5-9500-7D03A56F995A}.Release|x64.ActiveCfg = Release|Any CPU
		{9AEEFAB5-16A2-41C5-9500-7D03A56F995A}.Release|x64.Build.0 = Release|Any CPU
		{9AEEFAB5-16A2-41C5-9500-7D03A56F995A}.Release|x86.ActiveCfg = Release|Any CPU
		{9AEEFAB5-16A2-41C5-9500-7D03A56F995A}.Release|x86.Build.0 = Release|Any CPU
		{84C2B865-A5A2-46DF-9C24-EEF5CDA11E94}.Debug|Any CPU.ActiveCfg = Debug|Any CPU
		{84C2B865-A5A2-46DF-9C24-EEF5CDA11E94}.Debug|Any CPU.Build.0 = Debug|Any CPU
		{84C2B865-A5A2-46DF-9C24-EEF5CDA11E94}.Debug|x64.ActiveCfg = Debug|Any CPU
		{84C2B865-A5A2-46DF-9C24-EEF5CDA11E94}.Debug|x64.Build.0 = Debug|Any CPU
		{84C2B865-A5A2-46DF-9C24-EEF5CDA11E94}.Debug|x86.ActiveCfg = Debug|Any CPU
		{84C2B865-A5A2-46DF-9C24-EEF5CDA11E94}.Debug|x86.Build.0 = Debug|Any CPU
		{84C2B865-A5A2-46DF-9C24-EEF5CDA11E94}.Release|Any CPU.ActiveCfg = Release|Any CPU
		{84C2B865-A5A2-46DF-9C24-EEF5CDA11E94}.Release|Any CPU.Build.0 = Release|Any CPU
		{84C2B865-A5A2-46DF-9C24-EEF5CDA11E94}.Release|x64.ActiveCfg = Release|Any CPU
		{84C2B865-A5A2-46DF-9C24-EEF5CDA11E94}.Release|x64.Build.0 = Release|Any CPU
		{84C2B865-A5A2-46DF-9C24-EEF5CDA11E94}.Release|x86.ActiveCfg = Release|Any CPU
		{84C2B865-A5A2-46DF-9C24-EEF5CDA11E94}.Release|x86.Build.0 = Release|Any CPU
		{BAD72DF2-CB31-48BC-BCFA-FE776B188A49}.Debug|Any CPU.ActiveCfg = Debug|Any CPU
		{BAD72DF2-CB31-48BC-BCFA-FE776B188A49}.Debug|Any CPU.Build.0 = Debug|Any CPU
		{BAD72DF2-CB31-48BC-BCFA-FE776B188A49}.Debug|x64.ActiveCfg = Debug|Any CPU
		{BAD72DF2-CB31-48BC-BCFA-FE776B188A49}.Debug|x64.Build.0 = Debug|Any CPU
		{BAD72DF2-CB31-48BC-BCFA-FE776B188A49}.Debug|x86.ActiveCfg = Debug|Any CPU
		{BAD72DF2-CB31-48BC-BCFA-FE776B188A49}.Debug|x86.Build.0 = Debug|Any CPU
		{BAD72DF2-CB31-48BC-BCFA-FE776B188A49}.Release|Any CPU.ActiveCfg = Release|Any CPU
		{BAD72DF2-CB31-48BC-BCFA-FE776B188A49}.Release|Any CPU.Build.0 = Release|Any CPU
		{BAD72DF2-CB31-48BC-BCFA-FE776B188A49}.Release|x64.ActiveCfg = Release|Any CPU
		{BAD72DF2-CB31-48BC-BCFA-FE776B188A49}.Release|x64.Build.0 = Release|Any CPU
		{BAD72DF2-CB31-48BC-BCFA-FE776B188A49}.Release|x86.ActiveCfg = Release|Any CPU
		{BAD72DF2-CB31-48BC-BCFA-FE776B188A49}.Release|x86.Build.0 = Release|Any CPU
	EndGlobalSection
	GlobalSection(SolutionProperties) = preSolution
		HideSolutionNode = FALSE
	EndGlobalSection
	GlobalSection(NestedProjects) = preSolution
		{A7078D64-C849-480E-ADE5-25BFE2F2BB52} = {55EA05E1-0C6F-48D6-90A7-597A444C18C6}
		{9701A89E-0B80-43D6-8327-066C9914A32E} = {A7078D64-C849-480E-ADE5-25BFE2F2BB52}
		{58229CBD-2075-49F8-A867-CB771B52DD93} = {55EA05E1-0C6F-48D6-90A7-597A444C18C6}
		{95BF8EEE-660A-4867-AE39-E4A4979708F4} = {55EA05E1-0C6F-48D6-90A7-597A444C18C6}
		{3C915F41-28B5-4932-910A-014B18FD5334} = {58229CBD-2075-49F8-A867-CB771B52DD93}
		{D4E5F6A7-B890-1234-CDEF-234567890123} = {11111111-1111-1111-1111-111111111111}
		{E5F6A7B8-9012-3456-DEFA-345678901234} = {11111111-1111-1111-1111-111111111111}
		{F1A2B3C4-D5E6-7890-ABCD-111222333444} = {22222222-2222-2222-2222-222222222222}
		{CAB6D755-D16C-5C64-D009-EBE039CC9820} = {22222222-2222-2222-2222-222222222222}
		{A1B2C3D4-E5F6-7890-ABCD-0A9B0C0D0E0F} = {22222222-2222-2222-2222-222222222222}
		{9AEEFAB5-16A2-41C5-9500-7D03A56F995A} = {22222222-2222-2222-2222-222222222222}
		{84C2B865-A5A2-46DF-9C24-EEF5CDA11E94} = {22222222-2222-2222-2222-222222222222}
		{BAD72DF2-CB31-48BC-BCFA-FE776B188A49} = {22222222-2222-2222-2222-222222222222}
	EndGlobalSection
	GlobalSection(ExtensibilityGlobals) = postSolution
		SolutionGuid = {0E26DC04-B24F-4D67-AB88-61EFEED8DB09}
	EndGlobalSection
EndGlobal
